
Microsoft Visual Studio Solution File, Format Version 12.00
# Visual Studio Version 16
VisualStudioVersion = 16.0.31624.102
MinimumVisualStudioVersion = 10.0.40219.1
Project("{8BC9CEB8-8B4A-11D0-8D11-00A0C91BC942}") = "Lab_3_A", "Lab_3_A\Lab_3_A.vcxproj", "{566094E5-ECB5-4D4B-BE9B-452340E50D84}"
EndProject
Project("{2150E333-8FDC-42A3-9474-1A3956D46DE8}") = "Solution Items", "Solution Items", "{CD9DA8E3-FBA7-4E5D-A439-782195CB8052}"
	ProjectSection(SolutionItems) = preProject
		Lab_3_A.cpp = Lab_3_A.cpp
		Pointers.cpp = Pointers.cpp
		Pointers.h = Pointers.h
	EndProjectSection
EndProject
Global
	GlobalSection(SolutionConfigurationPlatforms) = preSolution
		Debug|x64 = Debug|x64
		Debug|x86 = Debug|x86
		Release|x64 = Release|x64
		Release|x86 = Release|x86
	EndGlobalSection
	GlobalSection(ProjectConfigurationPlatforms) = postSolution
		{566094E5-ECB5-4D4B-BE9B-452340E50D84}.Debug|x64.ActiveCfg = Debug|x64
		{566094E5-ECB5-4D4B-BE9B-452340E50D84}.Debug|x64.Build.0 = Debug|x64
		{566094E5-ECB5-4D4B-BE9B-452340E50D84}.Debug|x86.ActiveCfg = Debug|Win32
		{566094E5-ECB5-4D4B-BE9B-452340E50D84}.Debug|x86.Build.0 = Debug|Win32
		{566094E5-ECB5-4D4B-BE9B-452340E50D84}.Release|x64.ActiveCfg = Release|x64
		{566094E5-ECB5-4D4B-BE9B-452340E50D84}.Release|x64.Build.0 = Release|x64
		{566094E5-ECB5-4D4B-BE9B-452340E50D84}.Release|x86.ActiveCfg = Release|Win32
		{566094E5-ECB5-4D4B-BE9B-452340E50D84}.Release|x86.Build.0 = Release|Win32
	EndGlobalSection
	GlobalSection(SolutionProperties) = preSolution
		HideSolutionNode = FALSE
	EndGlobalSection
	GlobalSection(ExtensibilityGlobals) = postSolution
		SolutionGuid = {8AC90C18-3DD5-4A67-92AE-BBE09B9FDD08}
	EndGlobalSection
EndGlobal
